version: 1
checksums:
  4188a166aad2705b4f09401f924502ed:
    hero/heading: 5afd0bffec7c56df22c922508d0627f2
    hero/subheading: 773197e69c093dae04d647556d1da473
    hero/subheadingAria: a4b15318ca4ae48eb22e2e5b8dc43cdb
    nav/brand: 7e7b099485a5a6503318de1cf73b1ede
    nav/sharing: b0799797a387dab52f2eb553884f27c7
    nav/innovation: 36cd7679f72b71ac64238c949d434482
    nav/dashboard: c9380ea68c8c76ea451bd9613329a07c
    nav/events: d17179a947e9687dd2338ca524b26b63
    nav/forums: 028ba63a4c8ee444d870c99ae4721f4b
    nav/selectLanguage: 7fa8806eeb911aa9ba9f013b274a2e47
    nav/openUserMenu: a430f2397381a986dc1dfcfd12ae2792
    nav/createEvent: 5ff2a762a1a5662ac056947b06a068c4
    nav/createForum: a042f078b87835787b409b63fe984f83
    nav/signOut: 6d842546a84e919c519bf8cbffdf25a0
    nav/login: f4f219abeb5a465ecb1c7efaf50246de
    text/paragraph1a: 85c2912752cb133e6d3b238fe12bddca
    text/paragraph1b: 5f2ccfe632bcc433fc5e9404855498d9
    text/paragraph2a: b34eebae848bb077f859a635d97ee7ce
    text/paragraph2b: 1cf0d8b17802e04b77e1478ad320d8c1
    connecting/title: 6d60e37e1df6e5e01ea6a796ae95a283
    connecting/seeAllEvents: 804a53a4d062b72858d9a30cbdc4c0b8
    connecting/seeAllEventsAria: 73f3190c0d8072a3839875615ef6d387
    carousel/eventsCount: 115ef59012e7c9ce3c205164cb10fac9
    carousel/upcomingEvents: cb1cde8bb2d71fb328dd3b3707170ca1
    carousel/allEvents: e7fa2128e236dd8714c13cdff4fe1cca
    carousel/viewAllEventsAria: 64d208f9632df998f65784d9e550d1e6
    carousel/noUpcomingEvents: 9618c072e7d87e54ceae1610e2c62118
    events/search: 49dd6c21604b5e8d4153ff1aff2177e1
    events/searchAria: 6ea7f24df376e53984ed77e5ed592c30
    events/pastEvents: 63fa082dd95371b94e132a28f7dbc387
    events/showPastEventsAria: e1c98cf58ecbf73069067ce7346d4968
    events/showOnMap: a07fc2dc6c059a0be8a42fce2610c80f
    events/showOnMapAria: bc31e6508d90637cf446eea4f09276c7
    events/noEventsToShow: b6fbae29148c0f660d54e7ed317e977f
    events/noEventsInSystem: a0da3c3a18b70964984b921a839d939c
    events/noUpcomingTryPast: 515d0c8cffa722cce83bf0948af15ddc
    events/gettingLocation: 7d79c5cc9855d73ee351a2f2f6a240b7
    events/noEventsOnMap: 0fd76265a158451cfe5e2ee1cb14a6b0
    forums/search: 49dd6c21604b5e8d4153ff1aff2177e1
    forums/searchAria: aac0fdaa3492bad96d142b78e1923ac9
    forums/inactiveForums: e85e3af6ffa90ff6aaecf683c998a6ac
    forums/showInactiveForumsAria: 4d3c93d13a32fb7a638cf1807b3615d0
    forums/noForumsToShow: 174c305dc8a929e538122a60aeb0266e
    forums/noForumsInSystem: 1024bf3f54d3dc03b260396ce17682e2
    forums/noActiveForumsTryInactive: 417e30ad3dbac5c40e18b749d5322e65
    event/label: 4a04a93ec14995d089bd95d271e288a0
    event/seeRoutePlan: 383a344c622dda295338e0fa419a5308
    locale/chooseLanguage: 3252f1e704b80636acbaa469a703d263
    locale/en: e1eeeb379f86a015d6e581fcbc4af7f3
    locale/es: e1cd9645ddb854071941a3a23af9eaaf
    locale/de: f13cde514c5daa2cb08f5f22be97a066
    locale/fr: 965fbe07b0c6293182f71b3d09b84fda
    locale/it: 4352a28870762adb208d03d7997dd203
    locale/pt: 204e56bbaca3e50027810e786569e3f3
    locale/zh: 50f718bf150ae7e23e4d5e91def35efe
    common/openInMaps: 8d6072d513c30d52b8256404b80c57bc
    common/findMyLocation: 3c34facca63396d992079cdced25bd57
    common/gettingLocation: 7d79c5cc9855d73ee351a2f2f6a240b7
    common/geolocationNotSupported: 849412aae954a779d2ff90ad4ea40bea
    common/couldNotGetLocation: 6f7e08c9e75b8c9dd224a6870185b4e2
    common/enableLocationAccess: 78d90cf5e4ebff3c36afbbec3aa8f066
    common/cancel: 2e2a849c2223911717de8caa2c71bade
    common/delete: 8bcf303dd10a645b5baacb02b47d72c9
    footer/tagline: 9c9ef1e26893756a1cf49208a518b743
    footer/getStarted: 1d5f030c4ec9c869e647ae060518b948
    footer/getStartedAria: 5c783951b0100a168bdd2161ff294833
    footer/legal: 00d3f08da61a21887009819cf93fb414
    footer/privacyPolicy: 7459744a63ef8af4e517a09024bd7c08
    footer/termsConditions: 69d0219661f5fa7c1536e6f883925fb2
    footer/pages: 75088c94fb3c374efd452624d4b74be8
    footer/home: 104a3db3b671c04e167eafbe21e57881
    footer/socials: ac7ca450be7a918be7268857ce1b9cba
    footer/twitter: ba3d4aed69a50759b53a0b7c319a3ad9
    footer/linkedin: f29b78f253094277c2e9ef79d10b5e4f
    footer/github: 6e1cf3c00fa6fbe24afcc78ea3b5f3e4
    eventsHero/breadcrumb: d17179a947e9687dd2338ca524b26b63
    eventsHero/title: d17179a947e9687dd2338ca524b26b63
    forumsHero/breadcrumb: 028ba63a4c8ee444d870c99ae4721f4b
    forumsHero/title: 028ba63a4c8ee444d870c99ae4721f4b
    dashboard/breadcrumb: c9380ea68c8c76ea451bd9613329a07c
    dashboard/title: c9380ea68c8c76ea451bd9613329a07c
    dashboard/upcomingEvents: cb1cde8bb2d71fb328dd3b3707170ca1
    dashboard/noEventsOnDate: 42e2bb3cb4845dde46b73f7ce50cb5e1
    dashboard/noUpcomingEvents: 9618c072e7d87e54ceae1610e2c62118
    dashboard/eventsOrganized: fb71262ba10a804cf274b0a073c6d80e
    dashboard/forumsCreated: 80f61af2a68a4e6e29d9b8ed704aa55a
    dashboard/active: 3e1ec025c4a50830bbb9ad57a176630a
    dashboard/inactive: 239e3b722db75bbafc6c628a2685eed2
    dashboard/noActiveEvents: 825a8a9f7ad66948879fdcabfc2b6cc7
    dashboard/noInactiveEvents: e975184321671f7e983cc075f7c4f28b
    dashboard/noActiveForums: a176e147fab94388e8e42d53a10ee9eb
    dashboard/noInactiveForums: 5ccaa02ae7d81458932d1c9d24aa51fd
    dashboard/deleteEventTitle: d33ab06e1411c371708ec9b2dce889d0
    dashboard/deleteEventDescription: c07d587dee170fcf03d72a30d7e78664
    dashboard/deleteForumTitle: 51f48eda487f027891527ece1d9bd229
    dashboard/deleteForumDescription: cd030d98334791de2be21fa0ead4fb9c
    dashboard/statsEventsOrganized: 42998ed3669a21894a2d782cde3f2e0d
    dashboard/statsForumsCreated: 09b2ded4e97cc324882bc8ba934e064f
    dashboard/statsEventsAttended: fb00b2cf42354ed1b7ba434b6c2eff3b
    dashboard/statsUpcomingEvents: cb1cde8bb2d71fb328dd3b3707170ca1
